
Microsoft Visual Studio Solution File, Format Version 12.00
# Visual Studio Version 16
VisualStudioVersion = 16.0.30128.74
MinimumVisualStudioVersion = 10.0.40219.1
Project("{A07B5EB6-E848-4116-A8D0-A826331D98C6}") = "Roshambo.App", "Roshambo.App\Roshambo.App.sfproj", "{2998CDEB-D6A3-4766-AA24-3EC9C4042C85}"
EndProject
Project("{9A19103F-16F7-4668-BE54-9A1E7A4F7556}") = "Roshambo.GettingStarted", "Roshambo.GettingStarted\Roshambo.GettingStarted.csproj", "{D464AF12-314A-44E1-BA2D-3891DDAF14BD}"
EndProject
Project("{9A19103F-16F7-4668-BE54-9A1E7A4F7556}") = "Roshambo.UI", "Roshambo.UI\Roshambo.UI.csproj", "{C1CE500A-9E2F-4ED1-9E0C-556DF2F0A8D4}"
EndProject
Project("{9A19103F-16F7-4668-BE54-9A1E7A4F7556}") = "Roshambo.Game", "Roshambo.Game\Roshambo.Game.csproj", "{6192B240-3FDD-499A-950D-96BA9B7DA978}"
EndProject
Project("{9A19103F-16F7-4668-BE54-9A1E7A4F7556}") = "Roshambo.PlayerActor", "Roshambo.PlayerActor\Roshambo.PlayerActor.csproj", "{836FA664-AE73-4D9F-A429-2FA8A26B36A8}"
EndProject
Project("{9A19103F-16F7-4668-BE54-9A1E7A4F7556}") = "Roshambo.PlayerActor.Interfaces", "Roshambo.PlayerActor.Interfaces\Roshambo.PlayerActor.Interfaces.csproj", "{63CA51BC-C850-44DF-B74B-514D708756F2}"
EndProject
Project("{9A19103F-16F7-4668-BE54-9A1E7A4F7556}") = "Roshambo.GettingStarted.Interfaces", "Roshambo.GettingStarted.Interfaces\Roshambo.GettingStarted.Interfaces.csproj", "{C4DAAEF9-29E3-46BD-9E74-343804EE0F66}"
EndProject
Global
	GlobalSection(SharedMSBuildProjectFiles) = preSolution
		Roshambo.Shared\Roshambo.Shared.projitems*{c1ce500a-9e2f-4ed1-9e0c-556df2f0a8d4}*SharedItemsImports = 5
		Roshambo.Shared\Roshambo.Shared.projitems*{c4daaef9-29e3-46bd-9e74-343804ee0f66}*SharedItemsImports = 5
		Roshambo.Shared\Roshambo.Shared.projitems*{d464af12-314a-44e1-ba2d-3891ddaf14bd}*SharedItemsImports = 5
	EndGlobalSection
	GlobalSection(SolutionConfigurationPlatforms) = preSolution
		Debug|Any CPU = Debug|Any CPU
		Debug|x64 = Debug|x64
		Release|Any CPU = Release|Any CPU
		Release|x64 = Release|x64
	EndGlobalSection
	GlobalSection(ProjectConfigurationPlatforms) = postSolution
		{2998CDEB-D6A3-4766-AA24-3EC9C4042C85}.Debug|Any CPU.ActiveCfg = Debug|x64
		{2998CDEB-D6A3-4766-AA24-3EC9C4042C85}.Debug|x64.ActiveCfg = Debug|x64
		{2998CDEB-D6A3-4766-AA24-3EC9C4042C85}.Debug|x64.Build.0 = Debug|x64
		{2998CDEB-D6A3-4766-AA24-3EC9C4042C85}.Debug|x64.Deploy.0 = Debug|x64
		{2998CDEB-D6A3-4766-AA24-3EC9C4042C85}.Release|Any CPU.ActiveCfg = Release|x64
		{2998CDEB-D6A3-4766-AA24-3EC9C4042C85}.Release|x64.ActiveCfg = Release|x64
		{2998CDEB-D6A3-4766-AA24-3EC9C4042C85}.Release|x64.Build.0 = Release|x64
		{2998CDEB-D6A3-4766-AA24-3EC9C4042C85}.Release|x64.Deploy.0 = Release|x64
		{D464AF12-314A-44E1-BA2D-3891DDAF14BD}.Debug|Any CPU.ActiveCfg = Debug|Any CPU
		{D464AF12-314A-44E1-BA2D-3891DDAF14BD}.Debug|Any CPU.Build.0 = Debug|Any CPU
		{D464AF12-314A-44E1-BA2D-3891DDAF14BD}.Debug|x64.ActiveCfg = Debug|Any CPU
		{D464AF12-314A-44E1-BA2D-3891DDAF14BD}.Debug|x64.Build.0 = Debug|Any CPU
		{D464AF12-314A-44E1-BA2D-3891DDAF14BD}.Release|Any CPU.ActiveCfg = Release|Any CPU
		{D464AF12-314A-44E1-BA2D-3891DDAF14BD}.Release|Any CPU.Build.0 = Release|Any CPU
		{D464AF12-314A-44E1-BA2D-3891DDAF14BD}.Release|x64.ActiveCfg = Release|Any CPU
		{D464AF12-314A-44E1-BA2D-3891DDAF14BD}.Release|x64.Build.0 = Release|Any CPU
		{C1CE500A-9E2F-4ED1-9E0C-556DF2F0A8D4}.Debug|Any CPU.ActiveCfg = Debug|Any CPU
		{C1CE500A-9E2F-4ED1-9E0C-556DF2F0A8D4}.Debug|Any CPU.Build.0 = Debug|Any CPU
		{C1CE500A-9E2F-4ED1-9E0C-556DF2F0A8D4}.Debug|x64.ActiveCfg = Debug|Any CPU
		{C1CE500A-9E2F-4ED1-9E0C-556DF2F0A8D4}.Debug|x64.Build.0 = Debug|Any CPU
		{C1CE500A-9E2F-4ED1-9E0C-556DF2F0A8D4}.Release|Any CPU.ActiveCfg = Release|Any CPU
		{C1CE500A-9E2F-4ED1-9E0C-556DF2F0A8D4}.Release|Any CPU.Build.0 = Release|Any CPU
		{C1CE500A-9E2F-4ED1-9E0C-556DF2F0A8D4}.Release|x64.ActiveCfg = Release|Any CPU
		{C1CE500A-9E2F-4ED1-9E0C-556DF2F0A8D4}.Release|x64.Build.0 = Release|Any CPU
		{6192B240-3FDD-499A-950D-96BA9B7DA978}.Debug|Any CPU.ActiveCfg = Debug|Any CPU
		{6192B240-3FDD-499A-950D-96BA9B7DA978}.Debug|Any CPU.Build.0 = Debug|Any CPU
		{6192B240-3FDD-499A-950D-96BA9B7DA978}.Debug|x64.ActiveCfg = Debug|Any CPU
		{6192B240-3FDD-499A-950D-96BA9B7DA978}.Debug|x64.Build.0 = Debug|Any CPU
		{6192B240-3FDD-499A-950D-96BA9B7DA978}.Release|Any CPU.ActiveCfg = Release|Any CPU
		{6192B240-3FDD-499A-950D-96BA9B7DA978}.Release|Any CPU.Build.0 = Release|Any CPU
		{6192B240-3FDD-499A-950D-96BA9B7DA978}.Release|x64.ActiveCfg = Release|Any CPU
		{6192B240-3FDD-499A-950D-96BA9B7DA978}.Release|x64.Build.0 = Release|Any CPU
		{836FA664-AE73-4D9F-A429-2FA8A26B36A8}.Debug|Any CPU.ActiveCfg = Debug|Any CPU
		{836FA664-AE73-4D9F-A429-2FA8A26B36A8}.Debug|Any CPU.Build.0 = Debug|Any CPU
		{836FA664-AE73-4D9F-A429-2FA8A26B36A8}.Debug|x64.ActiveCfg = Debug|Any CPU
		{836FA664-AE73-4D9F-A429-2FA8A26B36A8}.Debug|x64.Build.0 = Debug|Any CPU
		{836FA664-AE73-4D9F-A429-2FA8A26B36A8}.Release|Any CPU.ActiveCfg = Release|Any CPU
		{836FA664-AE73-4D9F-A429-2FA8A26B36A8}.Release|Any CPU.Build.0 = Release|Any CPU
		{836FA664-AE73-4D9F-A429-2FA8A26B36A8}.Release|x64.ActiveCfg = Release|Any CPU
		{836FA664-AE73-4D9F-A429-2FA8A26B36A8}.Release|x64.Build.0 = Release|Any CPU
		{63CA51BC-C850-44DF-B74B-514D708756F2}.Debug|Any CPU.ActiveCfg = Debug|Any CPU
		{63CA51BC-C850-44DF-B74B-514D708756F2}.Debug|Any CPU.Build.0 = Debug|Any CPU
		{63CA51BC-C850-44DF-B74B-514D708756F2}.Debug|x64.ActiveCfg = Debug|Any CPU
		{63CA51BC-C850-44DF-B74B-514D708756F2}.Debug|x64.Build.0 = Debug|Any CPU
		{63CA51BC-C850-44DF-B74B-514D708756F2}.Release|Any CPU.ActiveCfg = Release|Any CPU
		{63CA51BC-C850-44DF-B74B-514D708756F2}.Release|Any CPU.Build.0 = Release|Any CPU
		{63CA51BC-C850-44DF-B74B-514D708756F2}.Release|x64.ActiveCfg = Release|Any CPU
		{63CA51BC-C850-44DF-B74B-514D708756F2}.Release|x64.Build.0 = Release|Any CPU
		{C4DAAEF9-29E3-46BD-9E74-343804EE0F66}.Debug|Any CPU.ActiveCfg = Debug|Any CPU
		{C4DAAEF9-29E3-46BD-9E74-343804EE0F66}.Debug|Any CPU.Build.0 = Debug|Any CPU
		{C4DAAEF9-29E3-46BD-9E74-343804EE0F66}.Debug|x64.ActiveCfg = Debug|Any CPU
		{C4DAAEF9-29E3-46BD-9E74-343804EE0F66}.Debug|x64.Build.0 = Debug|Any CPU
		{C4DAAEF9-29E3-46BD-9E74-343804EE0F66}.Release|Any CPU.ActiveCfg = Release|Any CPU
		{C4DAAEF9-29E3-46BD-9E74-343804EE0F66}.Release|Any CPU.Build.0 = Release|Any CPU
		{C4DAAEF9-29E3-46BD-9E74-343804EE0F66}.Release|x64.ActiveCfg = Release|Any CPU
		{C4DAAEF9-29E3-46BD-9E74-343804EE0F66}.Release|x64.Build.0 = Release|Any CPU
	EndGlobalSection
	GlobalSection(SolutionProperties) = preSolution
		HideSolutionNode = FALSE
	EndGlobalSection
	GlobalSection(ExtensibilityGlobals) = postSolution
		SolutionGuid = {C0210B69-2341-44A0-A4D3-C03E85839854}
	EndGlobalSection
EndGlobal
